
Microsoft Visual Studio Solution File, Format Version 12.00
# Visual Studio Version 17
VisualStudioVersion = 17.8.34525.116
MinimumVisualStudioVersion = 10.0.40219.1
Project("{FAE04EC0-301F-11D3-BF4B-00C04F79EFBC}") = "exercicio05", "exercicio05\exercicio05.csproj", "{42349FE8-6BB1-4DF7-9574-EE70C68CB01E}"
EndProject
Global
	GlobalSection(SolutionConfigurationPlatforms) = preSolution
		Debug|Any CPU = Debug|Any CPU
		Release|Any CPU = Release|Any CPU
	EndGlobalSection
	GlobalSection(ProjectConfigurationPlatforms) = postSolution
		{42349FE8-6BB1-4DF7-9574-EE70C68CB01E}.Debug|Any CPU.ActiveCfg = Debug|Any CPU
		{42349FE8-6BB1-4DF7-9574-EE70C68CB01E}.Debug|Any CPU.Build.0 = Debug|Any CPU
		{42349FE8-6BB1-4DF7-9574-EE70C68CB01E}.Release|Any CPU.ActiveCfg = Release|Any CPU
		{42349FE8-6BB1-4DF7-9574-EE70C68CB01E}.Release|Any CPU.Build.0 = Release|Any CPU
	EndGlobalSection
	GlobalSection(SolutionProperties) = preSolution
		HideSolutionNode = FALSE
	EndGlobalSection
	GlobalSection(ExtensibilityGlobals) = postSolution
		SolutionGuid = {8C4E08F2-FF6D-418F-B77E-79CF12ABC5A5}
	EndGlobalSection
EndGlobal
