
Microsoft Visual Studio Solution File, Format Version 12.00
# Visual Studio Version 17
VisualStudioVersion = 17.8.34525.116
MinimumVisualStudioVersion = 10.0.40219.1
Project("{FAE04EC0-301F-11D3-BF4B-00C04F79EFBC}") = "Exercicio03", "Exercicio03\Exercicio03.csproj", "{2F5F0C13-00BB-4C7E-940D-1BDA84FA8CDC}"
EndProject
Global
	GlobalSection(SolutionConfigurationPlatforms) = preSolution
		Debug|Any CPU = Debug|Any CPU
		Release|Any CPU = Release|Any CPU
	EndGlobalSection
	GlobalSection(ProjectConfigurationPlatforms) = postSolution
		{2F5F0C13-00BB-4C7E-940D-1BDA84FA8CDC}.Debug|Any CPU.ActiveCfg = Debug|Any CPU
		{2F5F0C13-00BB-4C7E-940D-1BDA84FA8CDC}.Debug|Any CPU.Build.0 = Debug|Any CPU
		{2F5F0C13-00BB-4C7E-940D-1BDA84FA8CDC}.Release|Any CPU.ActiveCfg = Release|Any CPU
		{2F5F0C13-00BB-4C7E-940D-1BDA84FA8CDC}.Release|Any CPU.Build.0 = Release|Any CPU
	EndGlobalSection
	GlobalSection(SolutionProperties) = preSolution
		HideSolutionNode = FALSE
	EndGlobalSection
	GlobalSection(ExtensibilityGlobals) = postSolution
		SolutionGuid = {A834F61E-B91C-42E5-8E4F-8F366DEFAD32}
	EndGlobalSection
EndGlobal
