
Microsoft Visual Studio Solution File, Format Version 12.00
# Visual Studio Version 17
VisualStudioVersion = 17.8.34525.116
MinimumVisualStudioVersion = 10.0.40219.1
Project("{FAE04EC0-301F-11D3-BF4B-00C04F79EFBC}") = "Exercicio07", "Exercicio07\Exercicio07.csproj", "{805C20BF-C8E9-44BD-8F7F-5BED1E0BECF7}"
EndProject
Global
	GlobalSection(SolutionConfigurationPlatforms) = preSolution
		Debug|Any CPU = Debug|Any CPU
		Release|Any CPU = Release|Any CPU
	EndGlobalSection
	GlobalSection(ProjectConfigurationPlatforms) = postSolution
		{805C20BF-C8E9-44BD-8F7F-5BED1E0BECF7}.Debug|Any CPU.ActiveCfg = Debug|Any CPU
		{805C20BF-C8E9-44BD-8F7F-5BED1E0BECF7}.Debug|Any CPU.Build.0 = Debug|Any CPU
		{805C20BF-C8E9-44BD-8F7F-5BED1E0BECF7}.Release|Any CPU.ActiveCfg = Release|Any CPU
		{805C20BF-C8E9-44BD-8F7F-5BED1E0BECF7}.Release|Any CPU.Build.0 = Release|Any CPU
	EndGlobalSection
	GlobalSection(SolutionProperties) = preSolution
		HideSolutionNode = FALSE
	EndGlobalSection
	GlobalSection(ExtensibilityGlobals) = postSolution
		SolutionGuid = {BEB98A0A-3CB3-4BB5-8676-165FEA68E2CD}
	EndGlobalSection
EndGlobal
