
Microsoft Visual Studio Solution File, Format Version 12.00
# Visual Studio Version 17
VisualStudioVersion = 17.8.34525.116
MinimumVisualStudioVersion = 10.0.40219.1
Project("{FAE04EC0-301F-11D3-BF4B-00C04F79EFBC}") = "Exercício06", "Exercício06\Exercício06.csproj", "{761D03DC-6E52-414B-9683-72E2E8D25CDD}"
EndProject
Global
	GlobalSection(SolutionConfigurationPlatforms) = preSolution
		Debug|Any CPU = Debug|Any CPU
		Release|Any CPU = Release|Any CPU
	EndGlobalSection
	GlobalSection(ProjectConfigurationPlatforms) = postSolution
		{761D03DC-6E52-414B-9683-72E2E8D25CDD}.Debug|Any CPU.ActiveCfg = Debug|Any CPU
		{761D03DC-6E52-414B-9683-72E2E8D25CDD}.Debug|Any CPU.Build.0 = Debug|Any CPU
		{761D03DC-6E52-414B-9683-72E2E8D25CDD}.Release|Any CPU.ActiveCfg = Release|Any CPU
		{761D03DC-6E52-414B-9683-72E2E8D25CDD}.Release|Any CPU.Build.0 = Release|Any CPU
	EndGlobalSection
	GlobalSection(SolutionProperties) = preSolution
		HideSolutionNode = FALSE
	EndGlobalSection
	GlobalSection(ExtensibilityGlobals) = postSolution
		SolutionGuid = {ECC61DE5-3941-4B71-8EE6-5BB4BE68E487}
	EndGlobalSection
EndGlobal
