
Microsoft Visual Studio Solution File, Format Version 12.00
# Visual Studio Version 17
VisualStudioVersion = 17.8.34525.116
MinimumVisualStudioVersion = 10.0.40219.1
Project("{FAE04EC0-301F-11D3-BF4B-00C04F79EFBC}") = "Exercicio10", "Exercicio10\Exercicio10.csproj", "{02CC9801-F964-4B13-96BD-3A6F063551C7}"
EndProject
Global
	GlobalSection(SolutionConfigurationPlatforms) = preSolution
		Debug|Any CPU = Debug|Any CPU
		Release|Any CPU = Release|Any CPU
	EndGlobalSection
	GlobalSection(ProjectConfigurationPlatforms) = postSolution
		{02CC9801-F964-4B13-96BD-3A6F063551C7}.Debug|Any CPU.ActiveCfg = Debug|Any CPU
		{02CC9801-F964-4B13-96BD-3A6F063551C7}.Debug|Any CPU.Build.0 = Debug|Any CPU
		{02CC9801-F964-4B13-96BD-3A6F063551C7}.Release|Any CPU.ActiveCfg = Release|Any CPU
		{02CC9801-F964-4B13-96BD-3A6F063551C7}.Release|Any CPU.Build.0 = Release|Any CPU
	EndGlobalSection
	GlobalSection(SolutionProperties) = preSolution
		HideSolutionNode = FALSE
	EndGlobalSection
	GlobalSection(ExtensibilityGlobals) = postSolution
		SolutionGuid = {2CD52FE4-542C-48E1-99AD-FE7C8E899EBA}
	EndGlobalSection
EndGlobal
