
Microsoft Visual Studio Solution File, Format Version 12.00
# Visual Studio Version 17
VisualStudioVersion = 17.8.34525.116
MinimumVisualStudioVersion = 10.0.40219.1
Project("{FAE04EC0-301F-11D3-BF4B-00C04F79EFBC}") = "Exercicio13", "Exercicio13\Exercicio13.csproj", "{B7C3FE7B-F4D8-4DF7-8FE4-8A03F415887D}"
EndProject
Global
	GlobalSection(SolutionConfigurationPlatforms) = preSolution
		Debug|Any CPU = Debug|Any CPU
		Release|Any CPU = Release|Any CPU
	EndGlobalSection
	GlobalSection(ProjectConfigurationPlatforms) = postSolution
		{B7C3FE7B-F4D8-4DF7-8FE4-8A03F415887D}.Debug|Any CPU.ActiveCfg = Debug|Any CPU
		{B7C3FE7B-F4D8-4DF7-8FE4-8A03F415887D}.Debug|Any CPU.Build.0 = Debug|Any CPU
		{B7C3FE7B-F4D8-4DF7-8FE4-8A03F415887D}.Release|Any CPU.ActiveCfg = Release|Any CPU
		{B7C3FE7B-F4D8-4DF7-8FE4-8A03F415887D}.Release|Any CPU.Build.0 = Release|Any CPU
	EndGlobalSection
	GlobalSection(SolutionProperties) = preSolution
		HideSolutionNode = FALSE
	EndGlobalSection
	GlobalSection(ExtensibilityGlobals) = postSolution
		SolutionGuid = {D5BE9D5F-45CC-498B-BCD1-96A6396AA5D1}
	EndGlobalSection
EndGlobal
